// !$*UTF8*$!
{
	archiveVersion = 1;
	classes = {
	};
	objectVersion = 46;
	objects = {

/* Begin PBXBuildFile section */
		0AB994AF72761E3E197B4715 /* Pods_ShareSearch.framework in Frameworks */ = {isa = PBXBuildFile; fileRef = 4A6660E155075EBE518DEF67 /* Pods_ShareSearch.framework */; };
		1580459294E5319E6AC774DD /* Pods_socketTest.framework in Frameworks */ = {isa = PBXBuildFile; fileRef = C5AEC5E1881E743EB7C8CC77 /* Pods_socketTest.framework */; settings = {ATTRIBUTES = (Required, ); }; };
		70703A882BC8E2389E60FF81 /* Pods_socketTestTests.framework in Frameworks */ = {isa = PBXBuildFile; fileRef = 739319658B69B6E7DCB2EF86 /* Pods_socketTestTests.framework */; };
		83DC19D2E507FF363193F2DD /* Pods_ShareSearchUITests.framework in Frameworks */ = {isa = PBXBuildFile; fileRef = DA1750902E722D08242520E2 /* Pods_ShareSearchUITests.framework */; };
		85E9BAB2589C743FD4BD081F /* Pods_socketTestUITests.framework in Frameworks */ = {isa = PBXBuildFile; fileRef = C8D78717EE9AC5EDE27855C9 /* Pods_socketTestUITests.framework */; };
		AA2BD2851D48551400C52717 /* MapViewControllerDelegate.swift in Sources */ = {isa = PBXBuildFile; fileRef = AA2BD2841D48551400C52717 /* MapViewControllerDelegate.swift */; };
		AA2BD2871D488AC400C52717 /* NewRoomTableController.swift in Sources */ = {isa = PBXBuildFile; fileRef = AA2BD2861D488AC400C52717 /* NewRoomTableController.swift */; };
		AA2BD2891D488B7C00C52717 /* newRoomTableControllerDelegate.swift in Sources */ = {isa = PBXBuildFile; fileRef = AA2BD2881D488B7C00C52717 /* newRoomTableControllerDelegate.swift */; };
		AA2E8F8E1D5BE94100F4350F /* Questrial-Regular.ttf in Resources */ = {isa = PBXBuildFile; fileRef = AA2E8F8D1D5BE94100F4350F /* Questrial-Regular.ttf */; };
		AA3547B91D481D3C0029A45D /* LoginViewController.swift in Sources */ = {isa = PBXBuildFile; fileRef = AA3547B81D481D3C0029A45D /* LoginViewController.swift */; };
		AA3547BD1D48311E0029A45D /* userModel.swift in Sources */ = {isa = PBXBuildFile; fileRef = AA3547BC1D48311E0029A45D /* userModel.swift */; };
		AA3547BF1D4846EE0029A45D /* RoomTableController.swift in Sources */ = {isa = PBXBuildFile; fileRef = AA3547BE1D4846EE0029A45D /* RoomTableController.swift */; };
		AA3547C11D48478B0029A45D /* RoomTableControllerDelegate.swift in Sources */ = {isa = PBXBuildFile; fileRef = AA3547C01D48478B0029A45D /* RoomTableControllerDelegate.swift */; };
		AA3547C31D4849B30029A45D /* CancelButtonDelegate.swift in Sources */ = {isa = PBXBuildFile; fileRef = AA3547C21D4849B30029A45D /* CancelButtonDelegate.swift */; };
		AA4C91291D4A6D7C00EFF613 /* RegisterViewController.swift in Sources */ = {isa = PBXBuildFile; fileRef = AA4C91281D4A6D7C00EFF613 /* RegisterViewController.swift */; };
		AA657F5D1D4A7C2000EC3196 /* AddUserViewController.swift in Sources */ = {isa = PBXBuildFile; fileRef = AA657F5C1D4A7C2000EC3196 /* AddUserViewController.swift */; };
		AA730C211D3FE4E70068B57B /* AppDelegate.swift in Sources */ = {isa = PBXBuildFile; fileRef = AA730C201D3FE4E70068B57B /* AppDelegate.swift */; };
		AA730C231D3FE4E70068B57B /* MapViewController.swift in Sources */ = {isa = PBXBuildFile; fileRef = AA730C221D3FE4E70068B57B /* MapViewController.swift */; };
		AA730C261D3FE4E70068B57B /* Main.storyboard in Resources */ = {isa = PBXBuildFile; fileRef = AA730C241D3FE4E70068B57B /* Main.storyboard */; };
		AA730C281D3FE4E70068B57B /* Assets.xcassets in Resources */ = {isa = PBXBuildFile; fileRef = AA730C271D3FE4E70068B57B /* Assets.xcassets */; };
		AA730C2B1D3FE4E80068B57B /* LaunchScreen.storyboard in Resources */ = {isa = PBXBuildFile; fileRef = AA730C291D3FE4E80068B57B /* LaunchScreen.storyboard */; };
		AA730C361D3FE4E80068B57B /* socketTestTests.swift in Sources */ = {isa = PBXBuildFile; fileRef = AA730C351D3FE4E80068B57B /* socketTestTests.swift */; };
		AA730C411D3FE4E80068B57B /* socketTestUITests.swift in Sources */ = {isa = PBXBuildFile; fileRef = AA730C401D3FE4E80068B57B /* socketTestUITests.swift */; };
		AA7A75C41D493E470001928E /* titleViewController.swift in Sources */ = {isa = PBXBuildFile; fileRef = AA7A75C31D493E470001928E /* titleViewController.swift */; };
		AA7A75C61D4955560001928E /* ChatViewController.swift in Sources */ = {isa = PBXBuildFile; fileRef = AA7A75C51D4955560001928E /* ChatViewController.swift */; };
		AA7A75CC1D4968D70001928E /* CustomCell.swift in Sources */ = {isa = PBXBuildFile; fileRef = AA7A75CB1D4968D70001928E /* CustomCell.swift */; };
		AA89D71D1D40205F00D4CC20 /* Location.swift in Sources */ = {isa = PBXBuildFile; fileRef = AA89D71C1D40205F00D4CC20 /* Location.swift */; };
		AABD1D721D49B7D100398015 /* chatController.swift in Sources */ = {isa = PBXBuildFile; fileRef = AABD1D711D49B7D100398015 /* chatController.swift */; };
		AAD4A09D1D407760009DF249 /* Place.xcdatamodeld in Sources */ = {isa = PBXBuildFile; fileRef = AAD4A09B1D407760009DF249 /* Place.xcdatamodeld */; };
		AAD4A0A01D407794009DF249 /* Place+CoreDataProperties.swift in Sources */ = {isa = PBXBuildFile; fileRef = AAD4A09E1D407794009DF249 /* Place+CoreDataProperties.swift */; };
		AAD4A0A11D407794009DF249 /* Place.swift in Sources */ = {isa = PBXBuildFile; fileRef = AAD4A09F1D407794009DF249 /* Place.swift */; };
		AAF7387D1D4068E500565F1B /* locationTableViewController.swift in Sources */ = {isa = PBXBuildFile; fileRef = AAF7387C1D4068E500565F1B /* locationTableViewController.swift */; };
		C0D4ECC0E47D119E6A0CD845 /* Pods_ShareSearchTests.framework in Frameworks */ = {isa = PBXBuildFile; fileRef = B1B85C3CFEC6CE3351A16876 /* Pods_ShareSearchTests.framework */; };
/* End PBXBuildFile section */

/* Begin PBXContainerItemProxy section */
		AA730C321D3FE4E80068B57B /* PBXContainerItemProxy */ = {
			isa = PBXContainerItemProxy;
			containerPortal = AA730C151D3FE4E70068B57B /* Project object */;
			proxyType = 1;
			remoteGlobalIDString = AA730C1C1D3FE4E70068B57B;
			remoteInfo = socketTest;
		};
		AA730C3D1D3FE4E80068B57B /* PBXContainerItemProxy */ = {
			isa = PBXContainerItemProxy;
			containerPortal = AA730C151D3FE4E70068B57B /* Project object */;
			proxyType = 1;
			remoteGlobalIDString = AA730C1C1D3FE4E70068B57B;
			remoteInfo = socketTest;
		};
/* End PBXContainerItemProxy section */

/* Begin PBXFileReference section */
		1936746E0DEC6E75A2CC4F37 /* Pods-socketTestTests.debug.xcconfig */ = {isa = PBXFileReference; includeInIndex = 1; lastKnownFileType = text.xcconfig; name = "Pods-socketTestTests.debug.xcconfig"; path = "Pods/Target Support Files/Pods-socketTestTests/Pods-socketTestTests.debug.xcconfig"; sourceTree = "<group>"; };
		33B15B147E58731E0660DB2A /* Pods-ShareSearch.release.xcconfig */ = {isa = PBXFileReference; includeInIndex = 1; lastKnownFileType = text.xcconfig; name = "Pods-ShareSearch.release.xcconfig"; path = "Pods/Target Support Files/Pods-ShareSearch/Pods-ShareSearch.release.xcconfig"; sourceTree = "<group>"; };
		3D0F121114AB40D7DD2A95A9 /* Pods-ShareSearchTests.debug.xcconfig */ = {isa = PBXFileReference; includeInIndex = 1; lastKnownFileType = text.xcconfig; name = "Pods-ShareSearchTests.debug.xcconfig"; path = "Pods/Target Support Files/Pods-ShareSearchTests/Pods-ShareSearchTests.debug.xcconfig"; sourceTree = "<group>"; };
		404520C622AC8300CBBE26E5 /* Pods-socketTestTests.release.xcconfig */ = {isa = PBXFileReference; includeInIndex = 1; lastKnownFileType = text.xcconfig; name = "Pods-socketTestTests.release.xcconfig"; path = "Pods/Target Support Files/Pods-socketTestTests/Pods-socketTestTests.release.xcconfig"; sourceTree = "<group>"; };
		4A6660E155075EBE518DEF67 /* Pods_ShareSearch.framework */ = {isa = PBXFileReference; explicitFileType = wrapper.framework; includeInIndex = 0; path = Pods_ShareSearch.framework; sourceTree = BUILT_PRODUCTS_DIR; };
		54D911517FD0A88D8C2C853F /* Pods-socketTestUITests.debug.xcconfig */ = {isa = PBXFileReference; includeInIndex = 1; lastKnownFileType = text.xcconfig; name = "Pods-socketTestUITests.debug.xcconfig"; path = "Pods/Target Support Files/Pods-socketTestUITests/Pods-socketTestUITests.debug.xcconfig"; sourceTree = "<group>"; };
		6FD302E4F35262B1945320E5 /* Pods-socketTest.release.xcconfig */ = {isa = PBXFileReference; includeInIndex = 1; lastKnownFileType = text.xcconfig; name = "Pods-socketTest.release.xcconfig"; path = "Pods/Target Support Files/Pods-socketTest/Pods-socketTest.release.xcconfig"; sourceTree = "<group>"; };
		739319658B69B6E7DCB2EF86 /* Pods_socketTestTests.framework */ = {isa = PBXFileReference; explicitFileType = wrapper.framework; includeInIndex = 0; path = Pods_socketTestTests.framework; sourceTree = BUILT_PRODUCTS_DIR; };
		992D15962D4D1596A102BC56 /* Pods-ShareSearchTests.release.xcconfig */ = {isa = PBXFileReference; includeInIndex = 1; lastKnownFileType = text.xcconfig; name = "Pods-ShareSearchTests.release.xcconfig"; path = "Pods/Target Support Files/Pods-ShareSearchTests/Pods-ShareSearchTests.release.xcconfig"; sourceTree = "<group>"; };
		A23E9709F72E006A85B6C2CE /* Pods-socketTest.debug.xcconfig */ = {isa = PBXFileReference; includeInIndex = 1; lastKnownFileType = text.xcconfig; name = "Pods-socketTest.debug.xcconfig"; path = "Pods/Target Support Files/Pods-socketTest/Pods-socketTest.debug.xcconfig"; sourceTree = "<group>"; };
		AA2BD2841D48551400C52717 /* MapViewControllerDelegate.swift */ = {isa = PBXFileReference; fileEncoding = 4; lastKnownFileType = sourcecode.swift; path = MapViewControllerDelegate.swift; sourceTree = "<group>"; };
		AA2BD2861D488AC400C52717 /* NewRoomTableController.swift */ = {isa = PBXFileReference; fileEncoding = 4; lastKnownFileType = sourcecode.swift; path = NewRoomTableController.swift; sourceTree = "<group>"; };
		AA2BD2881D488B7C00C52717 /* newRoomTableControllerDelegate.swift */ = {isa = PBXFileReference; fileEncoding = 4; lastKnownFileType = sourcecode.swift; path = newRoomTableControllerDelegate.swift; sourceTree = "<group>"; };
		AA2E8F8D1D5BE94100F4350F /* Questrial-Regular.ttf */ = {isa = PBXFileReference; lastKnownFileType = file; path = "Questrial-Regular.ttf"; sourceTree = "<group>"; };
		AA3547B81D481D3C0029A45D /* LoginViewController.swift */ = {isa = PBXFileReference; fileEncoding = 4; lastKnownFileType = sourcecode.swift; path = LoginViewController.swift; sourceTree = "<group>"; };
		AA3547BC1D48311E0029A45D /* userModel.swift */ = {isa = PBXFileReference; fileEncoding = 4; lastKnownFileType = sourcecode.swift; path = userModel.swift; sourceTree = "<group>"; };
		AA3547BE1D4846EE0029A45D /* RoomTableController.swift */ = {isa = PBXFileReference; fileEncoding = 4; lastKnownFileType = sourcecode.swift; path = RoomTableController.swift; sourceTree = "<group>"; };
		AA3547C01D48478B0029A45D /* RoomTableControllerDelegate.swift */ = {isa = PBXFileReference; fileEncoding = 4; lastKnownFileType = sourcecode.swift; path = RoomTableControllerDelegate.swift; sourceTree = "<group>"; };
		AA3547C21D4849B30029A45D /* CancelButtonDelegate.swift */ = {isa = PBXFileReference; fileEncoding = 4; lastKnownFileType = sourcecode.swift; path = CancelButtonDelegate.swift; sourceTree = "<group>"; };
		AA4C91281D4A6D7C00EFF613 /* RegisterViewController.swift */ = {isa = PBXFileReference; fileEncoding = 4; lastKnownFileType = sourcecode.swift; path = RegisterViewController.swift; sourceTree = "<group>"; };
		AA657F5C1D4A7C2000EC3196 /* AddUserViewController.swift */ = {isa = PBXFileReference; fileEncoding = 4; lastKnownFileType = sourcecode.swift; path = AddUserViewController.swift; sourceTree = "<group>"; };
		AA730C1D1D3FE4E70068B57B /* ShareSearch.app */ = {isa = PBXFileReference; explicitFileType = wrapper.application; includeInIndex = 0; path = ShareSearch.app; sourceTree = BUILT_PRODUCTS_DIR; };
		AA730C201D3FE4E70068B57B /* AppDelegate.swift */ = {isa = PBXFileReference; lastKnownFileType = sourcecode.swift; path = AppDelegate.swift; sourceTree = "<group>"; };
		AA730C221D3FE4E70068B57B /* MapViewController.swift */ = {isa = PBXFileReference; lastKnownFileType = sourcecode.swift; path = MapViewController.swift; sourceTree = "<group>"; };
		AA730C251D3FE4E70068B57B /* Base */ = {isa = PBXFileReference; lastKnownFileType = file.storyboard; name = Base; path = Base.lproj/Main.storyboard; sourceTree = "<group>"; };
		AA730C271D3FE4E70068B57B /* Assets.xcassets */ = {isa = PBXFileReference; lastKnownFileType = folder.assetcatalog; path = Assets.xcassets; sourceTree = "<group>"; };
		AA730C2A1D3FE4E80068B57B /* Base */ = {isa = PBXFileReference; lastKnownFileType = file.storyboard; name = Base; path = Base.lproj/LaunchScreen.storyboard; sourceTree = "<group>"; };
		AA730C2C1D3FE4E80068B57B /* Info.plist */ = {isa = PBXFileReference; lastKnownFileType = text.plist.xml; path = Info.plist; sourceTree = "<group>"; };
		AA730C311D3FE4E80068B57B /* ShareSearch.xctest */ = {isa = PBXFileReference; explicitFileType = wrapper.cfbundle; includeInIndex = 0; path = ShareSearch.xctest; sourceTree = BUILT_PRODUCTS_DIR; };
		AA730C351D3FE4E80068B57B /* socketTestTests.swift */ = {isa = PBXFileReference; lastKnownFileType = sourcecode.swift; path = socketTestTests.swift; sourceTree = "<group>"; };
		AA730C371D3FE4E80068B57B /* Info.plist */ = {isa = PBXFileReference; lastKnownFileType = text.plist.xml; path = Info.plist; sourceTree = "<group>"; };
		AA730C3C1D3FE4E80068B57B /* ShareSearch.xctest */ = {isa = PBXFileReference; explicitFileType = wrapper.cfbundle; includeInIndex = 0; path = ShareSearch.xctest; sourceTree = BUILT_PRODUCTS_DIR; };
		AA730C401D3FE4E80068B57B /* socketTestUITests.swift */ = {isa = PBXFileReference; lastKnownFileType = sourcecode.swift; path = socketTestUITests.swift; sourceTree = "<group>"; };
		AA730C421D3FE4E80068B57B /* Info.plist */ = {isa = PBXFileReference; lastKnownFileType = text.plist.xml; path = Info.plist; sourceTree = "<group>"; };
		AA7A75C31D493E470001928E /* titleViewController.swift */ = {isa = PBXFileReference; fileEncoding = 4; lastKnownFileType = sourcecode.swift; path = titleViewController.swift; sourceTree = "<group>"; };
		AA7A75C51D4955560001928E /* ChatViewController.swift */ = {isa = PBXFileReference; fileEncoding = 4; lastKnownFileType = sourcecode.swift; path = ChatViewController.swift; sourceTree = "<group>"; };
		AA7A75CB1D4968D70001928E /* CustomCell.swift */ = {isa = PBXFileReference; fileEncoding = 4; lastKnownFileType = sourcecode.swift; path = CustomCell.swift; sourceTree = "<group>"; };
		AA89D71C1D40205F00D4CC20 /* Location.swift */ = {isa = PBXFileReference; fileEncoding = 4; lastKnownFileType = sourcecode.swift; name = Location.swift; path = ../Location.swift; sourceTree = "<group>"; };
		AABD1D711D49B7D100398015 /* chatController.swift */ = {isa = PBXFileReference; fileEncoding = 4; lastKnownFileType = sourcecode.swift; path = chatController.swift; sourceTree = "<group>"; };
		AAD4A09C1D407760009DF249 /* Place.xcdatamodel */ = {isa = PBXFileReference; lastKnownFileType = wrapper.xcdatamodel; path = Place.xcdatamodel; sourceTree = "<group>"; };
		AAD4A09E1D407794009DF249 /* Place+CoreDataProperties.swift */ = {isa = PBXFileReference; fileEncoding = 4; lastKnownFileType = sourcecode.swift; path = "Place+CoreDataProperties.swift"; sourceTree = "<group>"; };
		AAD4A09F1D407794009DF249 /* Place.swift */ = {isa = PBXFileReference; fileEncoding = 4; lastKnownFileType = sourcecode.swift; path = Place.swift; sourceTree = "<group>"; };
		AAF7387C1D4068E500565F1B /* locationTableViewController.swift */ = {isa = PBXFileReference; fileEncoding = 4; lastKnownFileType = sourcecode.swift; path = locationTableViewController.swift; sourceTree = "<group>"; };
		B1B85C3CFEC6CE3351A16876 /* Pods_ShareSearchTests.framework */ = {isa = PBXFileReference; explicitFileType = wrapper.framework; includeInIndex = 0; path = Pods_ShareSearchTests.framework; sourceTree = BUILT_PRODUCTS_DIR; };
		C1D2A980D3A49B10AF5B775D /* Pods-socketTestUITests.release.xcconfig */ = {isa = PBXFileReference; includeInIndex = 1; lastKnownFileType = text.xcconfig; name = "Pods-socketTestUITests.release.xcconfig"; path = "Pods/Target Support Files/Pods-socketTestUITests/Pods-socketTestUITests.release.xcconfig"; sourceTree = "<group>"; };
		C5AEC5E1881E743EB7C8CC77 /* Pods_socketTest.framework */ = {isa = PBXFileReference; explicitFileType = wrapper.framework; includeInIndex = 0; path = Pods_socketTest.framework; sourceTree = BUILT_PRODUCTS_DIR; };
		C8D78717EE9AC5EDE27855C9 /* Pods_socketTestUITests.framework */ = {isa = PBXFileReference; explicitFileType = wrapper.framework; includeInIndex = 0; path = Pods_socketTestUITests.framework; sourceTree = BUILT_PRODUCTS_DIR; };
		D76A146780E937CA10A02799 /* Pods-ShareSearchUITests.debug.xcconfig */ = {isa = PBXFileReference; includeInIndex = 1; lastKnownFileType = text.xcconfig; name = "Pods-ShareSearchUITests.debug.xcconfig"; path = "Pods/Target Support Files/Pods-ShareSearchUITests/Pods-ShareSearchUITests.debug.xcconfig"; sourceTree = "<group>"; };
		D7B6B9323FBBC2FEBCE94663 /* Pods-ShareSearch.debug.xcconfig */ = {isa = PBXFileReference; includeInIndex = 1; lastKnownFileType = text.xcconfig; name = "Pods-ShareSearch.debug.xcconfig"; path = "Pods/Target Support Files/Pods-ShareSearch/Pods-ShareSearch.debug.xcconfig"; sourceTree = "<group>"; };
		DA1750902E722D08242520E2 /* Pods_ShareSearchUITests.framework */ = {isa = PBXFileReference; explicitFileType = wrapper.framework; includeInIndex = 0; path = Pods_ShareSearchUITests.framework; sourceTree = BUILT_PRODUCTS_DIR; };
		E8AD29597A2E5EBA07A8C133 /* Pods-ShareSearchUITests.release.xcconfig */ = {isa = PBXFileReference; includeInIndex = 1; lastKnownFileType = text.xcconfig; name = "Pods-ShareSearchUITests.release.xcconfig"; path = "Pods/Target Support Files/Pods-ShareSearchUITests/Pods-ShareSearchUITests.release.xcconfig"; sourceTree = "<group>"; };
/* End PBXFileReference section */

/* Begin PBXFrameworksBuildPhase section */
		AA730C1A1D3FE4E70068B57B /* Frameworks */ = {
			isa = PBXFrameworksBuildPhase;
			buildActionMask = 2147483647;
			files = (
				1580459294E5319E6AC774DD /* Pods_socketTest.framework in Frameworks */,
				0AB994AF72761E3E197B4715 /* Pods_ShareSearch.framework in Frameworks */,
			);
			runOnlyForDeploymentPostprocessing = 0;
		};
		AA730C2E1D3FE4E80068B57B /* Frameworks */ = {
			isa = PBXFrameworksBuildPhase;
			buildActionMask = 2147483647;
			files = (
				70703A882BC8E2389E60FF81 /* Pods_socketTestTests.framework in Frameworks */,
				C0D4ECC0E47D119E6A0CD845 /* Pods_ShareSearchTests.framework in Frameworks */,
			);
			runOnlyForDeploymentPostprocessing = 0;
		};
		AA730C391D3FE4E80068B57B /* Frameworks */ = {
			isa = PBXFrameworksBuildPhase;
			buildActionMask = 2147483647;
			files = (
				85E9BAB2589C743FD4BD081F /* Pods_socketTestUITests.framework in Frameworks */,
				83DC19D2E507FF363193F2DD /* Pods_ShareSearchUITests.framework in Frameworks */,
			);
			runOnlyForDeploymentPostprocessing = 0;
		};
/* End PBXFrameworksBuildPhase section */

/* Begin PBXGroup section */
		6839D03C5685A63BC014021A /* Frameworks */ = {
			isa = PBXGroup;
			children = (
				C5AEC5E1881E743EB7C8CC77 /* Pods_socketTest.framework */,
				739319658B69B6E7DCB2EF86 /* Pods_socketTestTests.framework */,
				C8D78717EE9AC5EDE27855C9 /* Pods_socketTestUITests.framework */,
				4A6660E155075EBE518DEF67 /* Pods_ShareSearch.framework */,
				B1B85C3CFEC6CE3351A16876 /* Pods_ShareSearchTests.framework */,
				DA1750902E722D08242520E2 /* Pods_ShareSearchUITests.framework */,
			);
			name = Frameworks;
			sourceTree = "<group>";
		};
		AA730C141D3FE4E70068B57B = {
			isa = PBXGroup;
			children = (
				AAD4A09E1D407794009DF249 /* Place+CoreDataProperties.swift */,
				AAD4A09F1D407794009DF249 /* Place.swift */,
				AA730C1F1D3FE4E70068B57B /* socketTest */,
				AA730C341D3FE4E80068B57B /* socketTestTests */,
				AA730C3F1D3FE4E80068B57B /* socketTestUITests */,
				AA730C1E1D3FE4E70068B57B /* Products */,
				EDA8F15500E9B34272069D8C /* Pods */,
				6839D03C5685A63BC014021A /* Frameworks */,
			);
			sourceTree = "<group>";
		};
		AA730C1E1D3FE4E70068B57B /* Products */ = {
			isa = PBXGroup;
			children = (
				AA730C1D1D3FE4E70068B57B /* ShareSearch.app */,
				AA730C311D3FE4E80068B57B /* ShareSearch.xctest */,
				AA730C3C1D3FE4E80068B57B /* ShareSearch.xctest */,
			);
			name = Products;
			sourceTree = "<group>";
		};
		AA730C1F1D3FE4E70068B57B /* socketTest */ = {
			isa = PBXGroup;
			children = (
				AA730C201D3FE4E70068B57B /* AppDelegate.swift */,
				AA7A75C31D493E470001928E /* titleViewController.swift */,
				AA3547B81D481D3C0029A45D /* LoginViewController.swift */,
				AA4C91281D4A6D7C00EFF613 /* RegisterViewController.swift */,
				AA3547BE1D4846EE0029A45D /* RoomTableController.swift */,
				AA3547C01D48478B0029A45D /* RoomTableControllerDelegate.swift */,
				AA730C221D3FE4E70068B57B /* MapViewController.swift */,
				AA2BD2841D48551400C52717 /* MapViewControllerDelegate.swift */,
				AABD1D711D49B7D100398015 /* chatController.swift */,
				AA7A75C51D4955560001928E /* ChatViewController.swift */,
				AA657F5C1D4A7C2000EC3196 /* AddUserViewController.swift */,
				AAF7387C1D4068E500565F1B /* locationTableViewController.swift */,
				AA2BD2861D488AC400C52717 /* NewRoomTableController.swift */,
				AA2BD2881D488B7C00C52717 /* newRoomTableControllerDelegate.swift */,
				AA7A75CB1D4968D70001928E /* CustomCell.swift */,
				AA3547C21D4849B30029A45D /* CancelButtonDelegate.swift */,
				AAD4A09B1D407760009DF249 /* Place.xcdatamodeld */,
				AA2E8F8D1D5BE94100F4350F /* Questrial-Regular.ttf */,
				AA730C241D3FE4E70068B57B /* Main.storyboard */,
				AA730C271D3FE4E70068B57B /* Assets.xcassets */,
				AA730C291D3FE4E80068B57B /* LaunchScreen.storyboard */,
				AA730C2C1D3FE4E80068B57B /* Info.plist */,
				AA3547BC1D48311E0029A45D /* userModel.swift */,
				AA89D71C1D40205F00D4CC20 /* Location.swift */,
			);
			path = socketTest;
			sourceTree = "<group>";
		};
		AA730C341D3FE4E80068B57B /* socketTestTests */ = {
			isa = PBXGroup;
			children = (
				AA730C351D3FE4E80068B57B /* socketTestTests.swift */,
				AA730C371D3FE4E80068B57B /* Info.plist */,
			);
			path = socketTestTests;
			sourceTree = "<group>";
		};
		AA730C3F1D3FE4E80068B57B /* socketTestUITests */ = {
			isa = PBXGroup;
			children = (
				AA730C401D3FE4E80068B57B /* socketTestUITests.swift */,
				AA730C421D3FE4E80068B57B /* Info.plist */,
			);
			path = socketTestUITests;
			sourceTree = "<group>";
		};
		EDA8F15500E9B34272069D8C /* Pods */ = {
			isa = PBXGroup;
			children = (
				A23E9709F72E006A85B6C2CE /* Pods-socketTest.debug.xcconfig */,
				6FD302E4F35262B1945320E5 /* Pods-socketTest.release.xcconfig */,
				1936746E0DEC6E75A2CC4F37 /* Pods-socketTestTests.debug.xcconfig */,
				404520C622AC8300CBBE26E5 /* Pods-socketTestTests.release.xcconfig */,
				54D911517FD0A88D8C2C853F /* Pods-socketTestUITests.debug.xcconfig */,
				C1D2A980D3A49B10AF5B775D /* Pods-socketTestUITests.release.xcconfig */,
				D7B6B9323FBBC2FEBCE94663 /* Pods-ShareSearch.debug.xcconfig */,
				33B15B147E58731E0660DB2A /* Pods-ShareSearch.release.xcconfig */,
				3D0F121114AB40D7DD2A95A9 /* Pods-ShareSearchTests.debug.xcconfig */,
				992D15962D4D1596A102BC56 /* Pods-ShareSearchTests.release.xcconfig */,
				D76A146780E937CA10A02799 /* Pods-ShareSearchUITests.debug.xcconfig */,
				E8AD29597A2E5EBA07A8C133 /* Pods-ShareSearchUITests.release.xcconfig */,
			);
			name = Pods;
			sourceTree = "<group>";
		};
/* End PBXGroup section */

/* Begin PBXNativeTarget section */
		AA730C1C1D3FE4E70068B57B /* ShareSearch */ = {
			isa = PBXNativeTarget;
			buildConfigurationList = AA730C451D3FE4E80068B57B /* Build configuration list for PBXNativeTarget "ShareSearch" */;
			buildPhases = (
				1EFB30CF0691AFD8AA59779B /* [CP] Check Pods Manifest.lock */,
				AA730C191D3FE4E70068B57B /* Sources */,
				AA730C1A1D3FE4E70068B57B /* Frameworks */,
				AA730C1B1D3FE4E70068B57B /* Resources */,
				24A1BD47E83329A852FCEEDD /* [CP] Embed Pods Frameworks */,
				51E04032030386E2DEC336A3 /* [CP] Copy Pods Resources */,
			);
			buildRules = (
			);
			dependencies = (
			);
			name = ShareSearch;
			productName = socketTest;
			productReference = AA730C1D1D3FE4E70068B57B /* ShareSearch.app */;
			productType = "com.apple.product-type.application";
		};
		AA730C301D3FE4E80068B57B /* ShareSearchTests */ = {
			isa = PBXNativeTarget;
			buildConfigurationList = AA730C481D3FE4E80068B57B /* Build configuration list for PBXNativeTarget "ShareSearchTests" */;
			buildPhases = (
				36584C13A2EB10ED87306B75 /* [CP] Check Pods Manifest.lock */,
				AA730C2D1D3FE4E80068B57B /* Sources */,
				AA730C2E1D3FE4E80068B57B /* Frameworks */,
				AA730C2F1D3FE4E80068B57B /* Resources */,
				5A4C964BF1930FBB37157900 /* [CP] Embed Pods Frameworks */,
				3B58432CE010D17D96E6606F /* [CP] Copy Pods Resources */,
			);
			buildRules = (
			);
			dependencies = (
				AA730C331D3FE4E80068B57B /* PBXTargetDependency */,
			);
			name = ShareSearchTests;
			productName = socketTestTests;
			productReference = AA730C311D3FE4E80068B57B /* ShareSearch.xctest */;
			productType = "com.apple.product-type.bundle.unit-test";
		};
		AA730C3B1D3FE4E80068B57B /* ShareSearchUITests */ = {
			isa = PBXNativeTarget;
			buildConfigurationList = AA730C4B1D3FE4E80068B57B /* Build configuration list for PBXNativeTarget "ShareSearchUITests" */;
			buildPhases = (
				1C22D6E03C97016278D22C0F /* [CP] Check Pods Manifest.lock */,
				AA730C381D3FE4E80068B57B /* Sources */,
				AA730C391D3FE4E80068B57B /* Frameworks */,
				AA730C3A1D3FE4E80068B57B /* Resources */,
				43F85F72F6E82CDAE6785105 /* [CP] Copy Pods Resources */,
			);
			buildRules = (
			);
			dependencies = (
				AA730C3E1D3FE4E80068B57B /* PBXTargetDependency */,
			);
			name = ShareSearchUITests;
			productName = socketTestUITests;
			productReference = AA730C3C1D3FE4E80068B57B /* ShareSearch.xctest */;
			productType = "com.apple.product-type.bundle.ui-testing";
		};
/* End PBXNativeTarget section */

/* Begin PBXProject section */
		AA730C151D3FE4E70068B57B /* Project object */ = {
			isa = PBXProject;
			attributes = {
				LastSwiftUpdateCheck = 0730;
				LastUpgradeCheck = 0730;
				ORGANIZATIONNAME = "Kyle Tsuyemura";
				TargetAttributes = {
					AA730C1C1D3FE4E70068B57B = {
						CreatedOnToolsVersion = 7.3.1;
						DevelopmentTeam = N7CDR799TN;
					};
					AA730C301D3FE4E80068B57B = {
						CreatedOnToolsVersion = 7.3.1;
						TestTargetID = AA730C1C1D3FE4E70068B57B;
					};
					AA730C3B1D3FE4E80068B57B = {
						CreatedOnToolsVersion = 7.3.1;
						TestTargetID = AA730C1C1D3FE4E70068B57B;
					};
				};
			};
			buildConfigurationList = AA730C181D3FE4E70068B57B /* Build configuration list for PBXProject "socketTest" */;
			compatibilityVersion = "Xcode 3.2";
			developmentRegion = English;
			hasScannedForEncodings = 0;
			knownRegions = (
				en,
				Base,
			);
			mainGroup = AA730C141D3FE4E70068B57B;
			productRefGroup = AA730C1E1D3FE4E70068B57B /* Products */;
			projectDirPath = "";
			projectRoot = "";
			targets = (
				AA730C1C1D3FE4E70068B57B /* ShareSearch */,
				AA730C301D3FE4E80068B57B /* ShareSearchTests */,
				AA730C3B1D3FE4E80068B57B /* ShareSearchUITests */,
			);
		};
/* End PBXProject section */

/* Begin PBXResourcesBuildPhase section */
		AA730C1B1D3FE4E70068B57B /* Resources */ = {
			isa = PBXResourcesBuildPhase;
			buildActionMask = 2147483647;
			files = (
				AA730C2B1D3FE4E80068B57B /* LaunchScreen.storyboard in Resources */,
				AA730C281D3FE4E70068B57B /* Assets.xcassets in Resources */,
				AA2E8F8E1D5BE94100F4350F /* Questrial-Regular.ttf in Resources */,
				AA730C261D3FE4E70068B57B /* Main.storyboard in Resources */,
			);
			runOnlyForDeploymentPostprocessing = 0;
		};
		AA730C2F1D3FE4E80068B57B /* Resources */ = {
			isa = PBXResourcesBuildPhase;
			buildActionMask = 2147483647;
			files = (
			);
			runOnlyForDeploymentPostprocessing = 0;
		};
		AA730C3A1D3FE4E80068B57B /* Resources */ = {
			isa = PBXResourcesBuildPhase;
			buildActionMask = 2147483647;
			files = (
			);
			runOnlyForDeploymentPostprocessing = 0;
		};
/* End PBXResourcesBuildPhase section */

/* Begin PBXShellScriptBuildPhase section */
		1C22D6E03C97016278D22C0F /* [CP] Check Pods Manifest.lock */ = {
			isa = PBXShellScriptBuildPhase;
			buildActionMask = 2147483647;
			files = (
			);
			inputPaths = (
			);
			name = "[CP] Check Pods Manifest.lock";
			outputPaths = (
			);
			runOnlyForDeploymentPostprocessing = 0;
			shellPath = /bin/sh;
			shellScript = "diff \"${PODS_ROOT}/../Podfile.lock\" \"${PODS_ROOT}/Manifest.lock\" > /dev/null\nif [[ $? != 0 ]] ; then\n    cat << EOM\nerror: The sandbox is not in sync with the Podfile.lock. Run 'pod install' or update your CocoaPods installation.\nEOM\n    exit 1\nfi\n";
			showEnvVarsInLog = 0;
		};
		1EFB30CF0691AFD8AA59779B /* [CP] Check Pods Manifest.lock */ = {
			isa = PBXShellScriptBuildPhase;
			buildActionMask = 2147483647;
			files = (
			);
			inputPaths = (
			);
			name = "[CP] Check Pods Manifest.lock";
			outputPaths = (
			);
			runOnlyForDeploymentPostprocessing = 0;
			shellPath = /bin/sh;
			shellScript = "diff \"${PODS_ROOT}/../Podfile.lock\" \"${PODS_ROOT}/Manifest.lock\" > /dev/null\nif [[ $? != 0 ]] ; then\n    cat << EOM\nerror: The sandbox is not in sync with the Podfile.lock. Run 'pod install' or update your CocoaPods installation.\nEOM\n    exit 1\nfi\n";
			showEnvVarsInLog = 0;
		};
		24A1BD47E83329A852FCEEDD /* [CP] Embed Pods Frameworks */ = {
			isa = PBXShellScriptBuildPhase;
			buildActionMask = 2147483647;
			files = (
			);
			inputPaths = (
			);
			name = "[CP] Embed Pods Frameworks";
			outputPaths = (
			);
			runOnlyForDeploymentPostprocessing = 0;
			shellPath = /bin/sh;
			shellScript = "\"${SRCROOT}/Pods/Target Support Files/Pods-ShareSearch/Pods-ShareSearch-frameworks.sh\"\n";
			showEnvVarsInLog = 0;
		};
		36584C13A2EB10ED87306B75 /* [CP] Check Pods Manifest.lock */ = {
			isa = PBXShellScriptBuildPhase;
			buildActionMask = 2147483647;
			files = (
			);
			inputPaths = (
			);
			name = "[CP] Check Pods Manifest.lock";
			outputPaths = (
			);
			runOnlyForDeploymentPostprocessing = 0;
			shellPath = /bin/sh;
			shellScript = "diff \"${PODS_ROOT}/../Podfile.lock\" \"${PODS_ROOT}/Manifest.lock\" > /dev/null\nif [[ $? != 0 ]] ; then\n    cat << EOM\nerror: The sandbox is not in sync with the Podfile.lock. Run 'pod install' or update your CocoaPods installation.\nEOM\n    exit 1\nfi\n";
			showEnvVarsInLog = 0;
		};
		3B58432CE010D17D96E6606F /* [CP] Copy Pods Resources */ = {
			isa = PBXShellScriptBuildPhase;
			buildActionMask = 2147483647;
			files = (
			);
			inputPaths = (
			);
			name = "[CP] Copy Pods Resources";
			outputPaths = (
			);
			runOnlyForDeploymentPostprocessing = 0;
			shellPath = /bin/sh;
			shellScript = "\"${SRCROOT}/Pods/Target Support Files/Pods-ShareSearchTests/Pods-ShareSearchTests-resources.sh\"\n";
			showEnvVarsInLog = 0;
		};
		43F85F72F6E82CDAE6785105 /* [CP] Copy Pods Resources */ = {
			isa = PBXShellScriptBuildPhase;
			buildActionMask = 2147483647;
			files = (
			);
			inputPaths = (
			);
			name = "[CP] Copy Pods Resources";
			outputPaths = (
			);
			runOnlyForDeploymentPostprocessing = 0;
			shellPath = /bin/sh;
			shellScript = "\"${SRCROOT}/Pods/Target Support Files/Pods-ShareSearchUITests/Pods-ShareSearchUITests-resources.sh\"\n";
			showEnvVarsInLog = 0;
		};
		51E04032030386E2DEC336A3 /* [CP] Copy Pods Resources */ = {
			isa = PBXShellScriptBuildPhase;
			buildActionMask = 2147483647;
			files = (
			);
			inputPaths = (
			);
			name = "[CP] Copy Pods Resources";
			outputPaths = (
			);
			runOnlyForDeploymentPostprocessing = 0;
			shellPath = /bin/sh;
			shellScript = "\"${SRCROOT}/Pods/Target Support Files/Pods-ShareSearch/Pods-ShareSearch-resources.sh\"\n";
			showEnvVarsInLog = 0;
		};
		5A4C964BF1930FBB37157900 /* [CP] Embed Pods Frameworks */ = {
			isa = PBXShellScriptBuildPhase;
			buildActionMask = 2147483647;
			files = (
			);
			inputPaths = (
			);
			name = "[CP] Embed Pods Frameworks";
			outputPaths = (
			);
			runOnlyForDeploymentPostprocessing = 0;
			shellPath = /bin/sh;
			shellScript = "\"${SRCROOT}/Pods/Target Support Files/Pods-ShareSearchTests/Pods-ShareSearchTests-frameworks.sh\"\n";
			showEnvVarsInLog = 0;
		};
/* End PBXShellScriptBuildPhase section */

/* Begin PBXSourcesBuildPhase section */
		AA730C191D3FE4E70068B57B /* Sources */ = {
			isa = PBXSourcesBuildPhase;
			buildActionMask = 2147483647;
			files = (
				AA730C231D3FE4E70068B57B /* MapViewController.swift in Sources */,
				AAD4A0A01D407794009DF249 /* Place+CoreDataProperties.swift in Sources */,
				AA2BD2891D488B7C00C52717 /* newRoomTableControllerDelegate.swift in Sources */,
				AA2BD2871D488AC400C52717 /* NewRoomTableController.swift in Sources */,
				AA657F5D1D4A7C2000EC3196 /* AddUserViewController.swift in Sources */,
				AA7A75CC1D4968D70001928E /* CustomCell.swift in Sources */,
				AA3547C31D4849B30029A45D /* CancelButtonDelegate.swift in Sources */,
				AA7A75C41D493E470001928E /* titleViewController.swift in Sources */,
				AA89D71D1D40205F00D4CC20 /* Location.swift in Sources */,
				AA2BD2851D48551400C52717 /* MapViewControllerDelegate.swift in Sources */,
				AA730C211D3FE4E70068B57B /* AppDelegate.swift in Sources */,
				AA3547B91D481D3C0029A45D /* LoginViewController.swift in Sources */,
				AA4C91291D4A6D7C00EFF613 /* RegisterViewController.swift in Sources */,
				AA3547C11D48478B0029A45D /* RoomTableControllerDelegate.swift in Sources */,
				AABD1D721D49B7D100398015 /* chatController.swift in Sources */,
				AA7A75C61D4955560001928E /* ChatViewController.swift in Sources */,
				AAF7387D1D4068E500565F1B /* locationTableViewController.swift in Sources */,
				AAD4A0A11D407794009DF249 /* Place.swift in Sources */,
				AAD4A09D1D407760009DF249 /* Place.xcdatamodeld in Sources */,
				AA3547BD1D48311E0029A45D /* userModel.swift in Sources */,
				AA3547BF1D4846EE0029A45D /* RoomTableController.swift in Sources */,
			);
			runOnlyForDeploymentPostprocessing = 0;
		};
		AA730C2D1D3FE4E80068B57B /* Sources */ = {
			isa = PBXSourcesBuildPhase;
			buildActionMask = 2147483647;
			files = (
				AA730C361D3FE4E80068B57B /* socketTestTests.swift in Sources */,
			);
			runOnlyForDeploymentPostprocessing = 0;
		};
		AA730C381D3FE4E80068B57B /* Sources */ = {
			isa = PBXSourcesBuildPhase;
			buildActionMask = 2147483647;
			files = (
				AA730C411D3FE4E80068B57B /* socketTestUITests.swift in Sources */,
			);
			runOnlyForDeploymentPostprocessing = 0;
		};
/* End PBXSourcesBuildPhase section */

/* Begin PBXTargetDependency section */
		AA730C331D3FE4E80068B57B /* PBXTargetDependency */ = {
			isa = PBXTargetDependency;
			target = AA730C1C1D3FE4E70068B57B /* ShareSearch */;
			targetProxy = AA730C321D3FE4E80068B57B /* PBXContainerItemProxy */;
		};
		AA730C3E1D3FE4E80068B57B /* PBXTargetDependency */ = {
			isa = PBXTargetDependency;
			target = AA730C1C1D3FE4E70068B57B /* ShareSearch */;
			targetProxy = AA730C3D1D3FE4E80068B57B /* PBXContainerItemProxy */;
		};
/* End PBXTargetDependency section */

/* Begin PBXVariantGroup section */
		AA730C241D3FE4E70068B57B /* Main.storyboard */ = {
			isa = PBXVariantGroup;
			children = (
				AA730C251D3FE4E70068B57B /* Base */,
			);
			name = Main.storyboard;
			sourceTree = "<group>";
		};
		AA730C291D3FE4E80068B57B /* LaunchScreen.storyboard */ = {
			isa = PBXVariantGroup;
			children = (
				AA730C2A1D3FE4E80068B57B /* Base */,
			);
			name = LaunchScreen.storyboard;
			sourceTree = "<group>";
		};
/* End PBXVariantGroup section */

/* Begin XCBuildConfiguration section */
		AA730C431D3FE4E80068B57B /* Debug */ = {
			isa = XCBuildConfiguration;
			buildSettings = {
				ALWAYS_SEARCH_USER_PATHS = NO;
				CLANG_ANALYZER_NONNULL = YES;
				CLANG_CXX_LANGUAGE_STANDARD = "gnu++0x";
				CLANG_CXX_LIBRARY = "libc++";
				CLANG_ENABLE_MODULES = YES;
				CLANG_ENABLE_OBJC_ARC = YES;
				CLANG_WARN_BOOL_CONVERSION = YES;
				CLANG_WARN_CONSTANT_CONVERSION = YES;
				CLANG_WARN_DIRECT_OBJC_ISA_USAGE = YES_ERROR;
				CLANG_WARN_EMPTY_BODY = YES;
				CLANG_WARN_ENUM_CONVERSION = YES;
				CLANG_WARN_INT_CONVERSION = YES;
				CLANG_WARN_OBJC_ROOT_CLASS = YES_ERROR;
				CLANG_WARN_UNREACHABLE_CODE = YES;
				CLANG_WARN__DUPLICATE_METHOD_MATCH = YES;
				"CODE_SIGN_IDENTITY[sdk=iphoneos*]" = "iPhone Developer";
				COPY_PHASE_STRIP = NO;
				DEBUG_INFORMATION_FORMAT = dwarf;
				ENABLE_STRICT_OBJC_MSGSEND = YES;
				ENABLE_TESTABILITY = YES;
				GCC_C_LANGUAGE_STANDARD = gnu99;
				GCC_DYNAMIC_NO_PIC = NO;
				GCC_NO_COMMON_BLOCKS = YES;
				GCC_OPTIMIZATION_LEVEL = 0;
				GCC_PREPROCESSOR_DEFINITIONS = (
					"DEBUG=1",
					"$(inherited)",
				);
				GCC_WARN_64_TO_32_BIT_CONVERSION = YES;
				GCC_WARN_ABOUT_RETURN_TYPE = YES_ERROR;
				GCC_WARN_UNDECLARED_SELECTOR = YES;
				GCC_WARN_UNINITIALIZED_AUTOS = YES_AGGRESSIVE;
				GCC_WARN_UNUSED_FUNCTION = YES;
				GCC_WARN_UNUSED_VARIABLE = YES;
				IPHONEOS_DEPLOYMENT_TARGET = 9.3;
				MTL_ENABLE_DEBUG_INFO = YES;
				ONLY_ACTIVE_ARCH = YES;
				SDKROOT = iphoneos;
				SWIFT_OPTIMIZATION_LEVEL = "-Onone";
				TARGETED_DEVICE_FAMILY = "1,2";
			};
			name = Debug;
		};
		AA730C441D3FE4E80068B57B /* Release */ = {
			isa = XCBuildConfiguration;
			buildSettings = {
				ALWAYS_SEARCH_USER_PATHS = NO;
				CLANG_ANALYZER_NONNULL = YES;
				CLANG_CXX_LANGUAGE_STANDARD = "gnu++0x";
				CLANG_CXX_LIBRARY = "libc++";
				CLANG_ENABLE_MODULES = YES;
				CLANG_ENABLE_OBJC_ARC = YES;
				CLANG_WARN_BOOL_CONVERSION = YES;
				CLANG_WARN_CONSTANT_CONVERSION = YES;
				CLANG_WARN_DIRECT_OBJC_ISA_USAGE = YES_ERROR;
				CLANG_WARN_EMPTY_BODY = YES;
				CLANG_WARN_ENUM_CONVERSION = YES;
				CLANG_WARN_INT_CONVERSION = YES;
				CLANG_WARN_OBJC_ROOT_CLASS = YES_ERROR;
				CLANG_WARN_UNREACHABLE_CODE = YES;
				CLANG_WARN__DUPLICATE_METHOD_MATCH = YES;
				"CODE_SIGN_IDENTITY[sdk=iphoneos*]" = "iPhone Developer";
				COPY_PHASE_STRIP = NO;
				DEBUG_INFORMATION_FORMAT = "dwarf-with-dsym";
				ENABLE_NS_ASSERTIONS = NO;
				ENABLE_STRICT_OBJC_MSGSEND = YES;
				GCC_C_LANGUAGE_STANDARD = gnu99;
				GCC_NO_COMMON_BLOCKS = YES;
				GCC_WARN_64_TO_32_BIT_CONVERSION = YES;
				GCC_WARN_ABOUT_RETURN_TYPE = YES_ERROR;
				GCC_WARN_UNDECLARED_SELECTOR = YES;
				GCC_WARN_UNINITIALIZED_AUTOS = YES_AGGRESSIVE;
				GCC_WARN_UNUSED_FUNCTION = YES;
				GCC_WARN_UNUSED_VARIABLE = YES;
				IPHONEOS_DEPLOYMENT_TARGET = 9.3;
				MTL_ENABLE_DEBUG_INFO = NO;
				SDKROOT = iphoneos;
				TARGETED_DEVICE_FAMILY = "1,2";
				VALIDATE_PRODUCT = YES;
			};
			name = Release;
		};
		AA730C461D3FE4E80068B57B /* Debug */ = {
			isa = XCBuildConfiguration;
			baseConfigurationReference = D7B6B9323FBBC2FEBCE94663 /* Pods-ShareSearch.debug.xcconfig */;
			buildSettings = {
				ASSETCATALOG_COMPILER_APPICON_NAME = AppIcon;
				CODE_SIGN_IDENTITY = "iPhone Developer";
				"CODE_SIGN_IDENTITY[sdk=iphoneos*]" = "iPhone Developer";
				INFOPLIST_FILE = socketTest/Info.plist;
				IPHONEOS_DEPLOYMENT_TARGET = 9.2;
				LD_RUNPATH_SEARCH_PATHS = "$(inherited) @executable_path/Frameworks";
				PRODUCT_BUNDLE_IDENTIFIER = com.KyleTsuyemura.socketTest;
				PRODUCT_NAME = ShareSearch;
				PROVISIONING_PROFILE = "";
				SDKROOT = iphoneos;
			};
			name = Debug;
		};
		AA730C471D3FE4E80068B57B /* Release */ = {
			isa = XCBuildConfiguration;
			baseConfigurationReference = 33B15B147E58731E0660DB2A /* Pods-ShareSearch.release.xcconfig */;
			buildSettings = {
				ASSETCATALOG_COMPILER_APPICON_NAME = AppIcon;
				CODE_SIGN_IDENTITY = "iPhone Developer";
				"CODE_SIGN_IDENTITY[sdk=iphoneos*]" = "iPhone Developer";
				INFOPLIST_FILE = socketTest/Info.plist;
				IPHONEOS_DEPLOYMENT_TARGET = 9.2;
				LD_RUNPATH_SEARCH_PATHS = "$(inherited) @executable_path/Frameworks";
				PRODUCT_BUNDLE_IDENTIFIER = com.KyleTsuyemura.socketTest;
				PRODUCT_NAME = ShareSearch;
				PROVISIONING_PROFILE = "";
				SDKROOT = iphoneos;
			};
			name = Release;
		};
		AA730C491D3FE4E80068B57B /* Debug */ = {
			isa = XCBuildConfiguration;
			baseConfigurationReference = 3D0F121114AB40D7DD2A95A9 /* Pods-ShareSearchTests.debug.xcconfig */;
			buildSettings = {
				BUNDLE_LOADER = "$(TEST_HOST)";
				INFOPLIST_FILE = socketTestTests/Info.plist;
				LD_RUNPATH_SEARCH_PATHS = "$(inherited) @executable_path/Frameworks @loader_path/Frameworks";
				PRODUCT_BUNDLE_IDENTIFIER = com.KyleTsuyemura.socketTestTests;
				PRODUCT_NAME = ShareSearch;
				TEST_HOST = "$(BUILT_PRODUCTS_DIR)/ShareSearch.app/ShareSearch";
			};
			name = Debug;
		};
		AA730C4A1D3FE4E80068B57B /* Release */ = {
			isa = XCBuildConfiguration;
			baseConfigurationReference = 992D15962D4D1596A102BC56 /* Pods-ShareSearchTests.release.xcconfig */;
			buildSettings = {
				BUNDLE_LOADER = "$(TEST_HOST)";
				INFOPLIST_FILE = socketTestTests/Info.plist;
				LD_RUNPATH_SEARCH_PATHS = "$(inherited) @executable_path/Frameworks @loader_path/Frameworks";
				PRODUCT_BUNDLE_IDENTIFIER = com.KyleTsuyemura.socketTestTests;
				PRODUCT_NAME = ShareSearch;
				TEST_HOST = "$(BUILT_PRODUCTS_DIR)/ShareSearch.app/ShareSearch";
			};
			name = Release;
		};
		AA730C4C1D3FE4E80068B57B /* Debug */ = {
			isa = XCBuildConfiguration;
			baseConfigurationReference = D76A146780E937CA10A02799 /* Pods-ShareSearchUITests.debug.xcconfig */;
			buildSettings = {
				INFOPLIST_FILE = socketTestUITests/Info.plist;
				LD_RUNPATH_SEARCH_PATHS = "$(inherited) @executable_path/Frameworks @loader_path/Frameworks";
				PRODUCT_BUNDLE_IDENTIFIER = com.KyleTsuyemura.socketTestUITests;
				PRODUCT_NAME = ShareSearch;
				TEST_TARGET_NAME = socketTest;
			};
			name = Debug;
		};
		AA730C4D1D3FE4E80068B57B /* Release */ = {
			isa = XCBuildConfiguration;
			baseConfigurationReference = E8AD29597A2E5EBA07A8C133 /* Pods-ShareSearchUITests.release.xcconfig */;
			buildSettings = {
				INFOPLIST_FILE = socketTestUITests/Info.plist;
				LD_RUNPATH_SEARCH_PATHS = "$(inherited) @executable_path/Frameworks @loader_path/Frameworks";
				PRODUCT_BUNDLE_IDENTIFIER = com.KyleTsuyemura.socketTestUITests;
				PRODUCT_NAME = ShareSearch;
				TEST_TARGET_NAME = socketTest;
			};
			name = Release;
		};
/* End XCBuildConfiguration section */

/* Begin XCConfigurationList section */
		AA730C181D3FE4E70068B57B /* Build configuration list for PBXProject "socketTest" */ = {
			isa = XCConfigurationList;
			buildConfigurations = (
				AA730C431D3FE4E80068B57B /* Debug */,
				AA730C441D3FE4E80068B57B /* Release */,
			);
			defaultConfigurationIsVisible = 0;
			defaultConfigurationName = Release;
		};
		AA730C451D3FE4E80068B57B /* Build configuration list for PBXNativeTarget "ShareSearch" */ = {
			isa = XCConfigurationList;
			buildConfigurations = (
				AA730C461D3FE4E80068B57B /* Debug */,
				AA730C471D3FE4E80068B57B /* Release */,
			);
			defaultConfigurationIsVisible = 0;
			defaultConfigurationName = Release;
		};
		AA730C481D3FE4E80068B57B /* Build configuration list for PBXNativeTarget "ShareSearchTests" */ = {
			isa = XCConfigurationList;
			buildConfigurations = (
				AA730C491D3FE4E80068B57B /* Debug */,
				AA730C4A1D3FE4E80068B57B /* Release */,
			);
			defaultConfigurationIsVisible = 0;
			defaultConfigurationName = Release;
		};
		AA730C4B1D3FE4E80068B57B /* Build configuration list for PBXNativeTarget "ShareSearchUITests" */ = {
			isa = XCConfigurationList;
			buildConfigurations = (
				AA730C4C1D3FE4E80068B57B /* Debug */,
				AA730C4D1D3FE4E80068B57B /* Release */,
			);
			defaultConfigurationIsVisible = 0;
			defaultConfigurationName = Release;
		};
/* End XCConfigurationList section */

/* Begin XCVersionGroup section */
		AAD4A09B1D407760009DF249 /* Place.xcdatamodeld */ = {
			isa = XCVersionGroup;
			children = (
				AAD4A09C1D407760009DF249 /* Place.xcdatamodel */,
			);
			currentVersion = AAD4A09C1D407760009DF249 /* Place.xcdatamodel */;
			path = Place.xcdatamodeld;
			sourceTree = "<group>";
			versionGroupType = wrapper.xcdatamodel;
		};
/* End XCVersionGroup section */
	};
	rootObject = AA730C151D3FE4E70068B57B /* Project object */;
}
